
Microsoft Visual Studio Solution File, Format Version 12.00
# Visual Studio Version 17
VisualStudioVersion = 17.7.34024.191
MinimumVisualStudioVersion = 10.0.40219.1
Project("{FAE04EC0-301F-11D3-BF4B-00C04F79EFBC}") = "FurnitureFactory", "FurnitureFactory\FurnitureFactory.csproj", "{F8797AD5-027C-4592-9737-B0FAE6C8D4B8}"
EndProject
Project("{FAE04EC0-301F-11D3-BF4B-00C04F79EFBC}") = "FurnituryFactoryLib", "FurnituryFactoryLib\FurnituryFactoryLib.csproj", "{C9AB6C20-7233-4E9D-9B2A-59DCCE2029A2}"
EndProject
Project("{FAE04EC0-301F-11D3-BF4B-00C04F79EFBC}") = "Tests", "Tests\Tests.csproj", "{95E6517D-70E2-49BB-8C61-C82B0E5DD924}"
EndProject
Global
	GlobalSection(SolutionConfigurationPlatforms) = preSolution
		Debug|Any CPU = Debug|Any CPU
		Release|Any CPU = Release|Any CPU
	EndGlobalSection
	GlobalSection(ProjectConfigurationPlatforms) = postSolution
		{F8797AD5-027C-4592-9737-B0FAE6C8D4B8}.Debug|Any CPU.ActiveCfg = Debug|Any CPU
		{F8797AD5-027C-4592-9737-B0FAE6C8D4B8}.Debug|Any CPU.Build.0 = Debug|Any CPU
		{F8797AD5-027C-4592-9737-B0FAE6C8D4B8}.Release|Any CPU.ActiveCfg = Release|Any CPU
		{F8797AD5-027C-4592-9737-B0FAE6C8D4B8}.Release|Any CPU.Build.0 = Release|Any CPU
		{C9AB6C20-7233-4E9D-9B2A-59DCCE2029A2}.Debug|Any CPU.ActiveCfg = Debug|Any CPU
		{C9AB6C20-7233-4E9D-9B2A-59DCCE2029A2}.Debug|Any CPU.Build.0 = Debug|Any CPU
		{C9AB6C20-7233-4E9D-9B2A-59DCCE2029A2}.Release|Any CPU.ActiveCfg = Release|Any CPU
		{C9AB6C20-7233-4E9D-9B2A-59DCCE2029A2}.Release|Any CPU.Build.0 = Release|Any CPU
		{95E6517D-70E2-49BB-8C61-C82B0E5DD924}.Debug|Any CPU.ActiveCfg = Debug|Any CPU
		{95E6517D-70E2-49BB-8C61-C82B0E5DD924}.Debug|Any CPU.Build.0 = Debug|Any CPU
		{95E6517D-70E2-49BB-8C61-C82B0E5DD924}.Release|Any CPU.ActiveCfg = Release|Any CPU
		{95E6517D-70E2-49BB-8C61-C82B0E5DD924}.Release|Any CPU.Build.0 = Release|Any CPU
	EndGlobalSection
	GlobalSection(SolutionProperties) = preSolution
		HideSolutionNode = FALSE
	EndGlobalSection
	GlobalSection(ExtensibilityGlobals) = postSolution
		SolutionGuid = {FB5209B3-649E-4BB5-82DC-E47B04E85D38}
	EndGlobalSection
EndGlobal
